
Microsoft Visual Studio Solution File, Format Version 12.00
# Visual Studio Version 16
VisualStudioVersion = 16.0.30804.86
MinimumVisualStudioVersion = 10.0.40219.1
Project("{FAE04EC0-301F-11D3-BF4B-00C04F79EFBC}") = "MegamixMapConverter", "MegamixMapConverter.csproj", "{3608E211-8A45-4FEF-BC04-8BC7D19457F8}"
EndProject
Global
	GlobalSection(SolutionConfigurationPlatforms) = preSolution
		Debug|Any CPU = Debug|Any CPU
		Release|Any CPU = Release|Any CPU
	EndGlobalSection
	GlobalSection(ProjectConfigurationPlatforms) = postSolution
		{3608E211-8A45-4FEF-BC04-8BC7D19457F8}.Debug|Any CPU.ActiveCfg = Debug|Any CPU
		{3608E211-8A45-4FEF-BC04-8BC7D19457F8}.Debug|Any CPU.Build.0 = Debug|Any CPU
		{3608E211-8A45-4FEF-BC04-8BC7D19457F8}.Release|Any CPU.ActiveCfg = Release|Any CPU
		{3608E211-8A45-4FEF-BC04-8BC7D19457F8}.Release|Any CPU.Build.0 = Release|Any CPU
	EndGlobalSection
	GlobalSection(SolutionProperties) = preSolution
		HideSolutionNode = FALSE
	EndGlobalSection
	GlobalSection(ExtensibilityGlobals) = postSolution
		SolutionGuid = {BDC3C002-C629-4626-870C-D7C94F5E6BE8}
	EndGlobalSection
EndGlobal
